<?xml version="1.0" encoding="UTF-8" standalone="yes" ?>
<CodeBlocks_project_file>
   <FileVersion major="1" minor="6" />
   <Project>
      <Option title="shm_humanoid_controller" />
      <Option makefile_is_custom="1" />
      <Option compiler="gcc" />
      <Option virtualFolders="CMake Files\;" />
      <Build>
      <Target title="all">
         <Option working_dir="/home/meka/mekabot/m3meka/ros/shm_humanoid_controller" />
         <Option type="4" />
         <MakeCommands>
            <Build command="/usr/bin/make -f &quot;/home/meka/mekabot/m3meka/ros/shm_humanoid_controller/Makefile&quot; all" />
            <CompileFile command="/usr/bin/make -f &quot;/home/meka/mekabot/m3meka/ros/shm_humanoid_controller/Makefile&quot; &quot;$file&quot;" />
            <Clean command="/usr/bin/make -f &quot;/home/meka/mekabot/m3meka/ros/shm_humanoid_controller/Makefile&quot; clean" />
            <DistClean command="/usr/bin/make -f &quot;/home/meka/mekabot/m3meka/ros/shm_humanoid_controller/Makefile&quot; clean" />
         </MakeCommands>
      </Target>
      <Target title="ROSBUILD_genmsg_cpp">
         <Option working_dir="/home/meka/mekabot/m3meka/ros/shm_humanoid_controller" />
         <Option type="4" />
         <MakeCommands>
            <Build command="/usr/bin/make -f &quot;/home/meka/mekabot/m3meka/ros/shm_humanoid_controller/Makefile&quot; ROSBUILD_genmsg_cpp" />
            <CompileFile command="/usr/bin/make -f &quot;/home/meka/mekabot/m3meka/ros/shm_humanoid_controller/Makefile&quot; &quot;$file&quot;" />
            <Clean command="/usr/bin/make -f &quot;/home/meka/mekabot/m3meka/ros/shm_humanoid_controller/Makefile&quot; clean" />
            <DistClean command="/usr/bin/make -f &quot;/home/meka/mekabot/m3meka/ros/shm_humanoid_controller/Makefile&quot; clean" />
         </MakeCommands>
      </Target>
      <Target title="ROSBUILD_genmsg_lisp">
         <Option working_dir="/home/meka/mekabot/m3meka/ros/shm_humanoid_controller" />
         <Option type="4" />
         <MakeCommands>
            <Build command="/usr/bin/make -f &quot;/home/meka/mekabot/m3meka/ros/shm_humanoid_controller/Makefile&quot; ROSBUILD_genmsg_lisp" />
            <CompileFile command="/usr/bin/make -f &quot;/home/meka/mekabot/m3meka/ros/shm_humanoid_controller/Makefile&quot; &quot;$file&quot;" />
            <Clean command="/usr/bin/make -f &quot;/home/meka/mekabot/m3meka/ros/shm_humanoid_controller/Makefile&quot; clean" />
            <DistClean command="/usr/bin/make -f &quot;/home/meka/mekabot/m3meka/ros/shm_humanoid_controller/Makefile&quot; clean" />
         </MakeCommands>
      </Target>
      <Target title="ROSBUILD_gensrv_cpp">
         <Option working_dir="/home/meka/mekabot/m3meka/ros/shm_humanoid_controller" />
         <Option type="4" />
         <MakeCommands>
            <Build command="/usr/bin/make -f &quot;/home/meka/mekabot/m3meka/ros/shm_humanoid_controller/Makefile&quot; ROSBUILD_gensrv_cpp" />
            <CompileFile command="/usr/bin/make -f &quot;/home/meka/mekabot/m3meka/ros/shm_humanoid_controller/Makefile&quot; &quot;$file&quot;" />
            <Clean command="/usr/bin/make -f &quot;/home/meka/mekabot/m3meka/ros/shm_humanoid_controller/Makefile&quot; clean" />
            <DistClean command="/usr/bin/make -f &quot;/home/meka/mekabot/m3meka/ros/shm_humanoid_controller/Makefile&quot; clean" />
         </MakeCommands>
      </Target>
      <Target title="ROSBUILD_gensrv_lisp">
         <Option working_dir="/home/meka/mekabot/m3meka/ros/shm_humanoid_controller" />
         <Option type="4" />
         <MakeCommands>
            <Build command="/usr/bin/make -f &quot;/home/meka/mekabot/m3meka/ros/shm_humanoid_controller/Makefile&quot; ROSBUILD_gensrv_lisp" />
            <CompileFile command="/usr/bin/make -f &quot;/home/meka/mekabot/m3meka/ros/shm_humanoid_controller/Makefile&quot; &quot;$file&quot;" />
            <Clean command="/usr/bin/make -f &quot;/home/meka/mekabot/m3meka/ros/shm_humanoid_controller/Makefile&quot; clean" />
            <DistClean command="/usr/bin/make -f &quot;/home/meka/mekabot/m3meka/ros/shm_humanoid_controller/Makefile&quot; clean" />
         </MakeCommands>
      </Target>
      <Target title="clean-test-results">
         <Option working_dir="/home/meka/mekabot/m3meka/ros/shm_humanoid_controller" />
         <Option type="4" />
         <MakeCommands>
            <Build command="/usr/bin/make -f &quot;/home/meka/mekabot/m3meka/ros/shm_humanoid_controller/Makefile&quot; clean-test-results" />
            <CompileFile command="/usr/bin/make -f &quot;/home/meka/mekabot/m3meka/ros/shm_humanoid_controller/Makefile&quot; &quot;$file&quot;" />
            <Clean command="/usr/bin/make -f &quot;/home/meka/mekabot/m3meka/ros/shm_humanoid_controller/Makefile&quot; clean" />
            <DistClean command="/usr/bin/make -f &quot;/home/meka/mekabot/m3meka/ros/shm_humanoid_controller/Makefile&quot; clean" />
         </MakeCommands>
      </Target>
      <Target title="move_humanoid">
         <Option output="/home/meka/mekabot/m3meka/ros/shm_humanoid_controller/bin/move_humanoid" prefix_auto="0" extension_auto="0" />
         <Option working_dir="/home/meka/mekabot/m3meka/ros/shm_humanoid_controller/bin" />
         <Option object_output="./" />
         <Option type="1" />
         <Option compiler="gcc" />
         <Compiler>
            <Add directory="/home/meka/mekabot/m3meka/ros/shm_humanoid_controller/include" />
            <Add directory="/opt/ros/fuerte/include" />
            <Add directory="/opt/ros/fuerte/stacks/geometry/tf/include" />
            <Add directory="/opt/ros/fuerte/stacks/geometry/tf/msg_gen/cpp/include" />
            <Add directory="/opt/ros/fuerte/stacks/geometry/tf/srv_gen/cpp/include" />
            <Add directory="/opt/ros/fuerte/stacks/bullet/include" />
            <Add directory="/opt/ros/fuerte/stacks/geometry/angles/include" />
            <Add directory="/usr/include" />
            <Add directory="/home/meka/mekabot/m3meka/ros/shm_humanoid_controller/../m3ctrl_msgs/msg_gen/cpp/include" />
            <Add directory="/home/meka/mekabot/m3meka/ros/shm_humanoid_controller/../../../m3core/src" />
            <Add directory="/usr/realtime-2.6.32.11-rtai-3.8.1/include" />
            <Add directory="/home/meka/mekabot/m3meka/ros/shm_humanoid_controller/../../src" />
         </Compiler>
         <MakeCommands>
            <Build command="/usr/bin/make -f &quot;/home/meka/mekabot/m3meka/ros/shm_humanoid_controller/Makefile&quot; move_humanoid" />
            <CompileFile command="/usr/bin/make -f &quot;/home/meka/mekabot/m3meka/ros/shm_humanoid_controller/Makefile&quot; &quot;$file&quot;" />
            <Clean command="/usr/bin/make -f &quot;/home/meka/mekabot/m3meka/ros/shm_humanoid_controller/Makefile&quot; clean" />
            <DistClean command="/usr/bin/make -f &quot;/home/meka/mekabot/m3meka/ros/shm_humanoid_controller/Makefile&quot; clean" />
         </MakeCommands>
      </Target>
      <Target title="move_humanoid/fast">
         <Option output="/home/meka/mekabot/m3meka/ros/shm_humanoid_controller/bin/move_humanoid" prefix_auto="0" extension_auto="0" />
         <Option working_dir="/home/meka/mekabot/m3meka/ros/shm_humanoid_controller/bin" />
         <Option object_output="./" />
         <Option type="1" />
         <Option compiler="gcc" />
         <Compiler>
            <Add directory="/home/meka/mekabot/m3meka/ros/shm_humanoid_controller/include" />
            <Add directory="/opt/ros/fuerte/include" />
            <Add directory="/opt/ros/fuerte/stacks/geometry/tf/include" />
            <Add directory="/opt/ros/fuerte/stacks/geometry/tf/msg_gen/cpp/include" />
            <Add directory="/opt/ros/fuerte/stacks/geometry/tf/srv_gen/cpp/include" />
            <Add directory="/opt/ros/fuerte/stacks/bullet/include" />
            <Add directory="/opt/ros/fuerte/stacks/geometry/angles/include" />
            <Add directory="/usr/include" />
            <Add directory="/home/meka/mekabot/m3meka/ros/shm_humanoid_controller/../m3ctrl_msgs/msg_gen/cpp/include" />
            <Add directory="/home/meka/mekabot/m3meka/ros/shm_humanoid_controller/../../../m3core/src" />
            <Add directory="/usr/realtime-2.6.32.11-rtai-3.8.1/include" />
            <Add directory="/home/meka/mekabot/m3meka/ros/shm_humanoid_controller/../../src" />
         </Compiler>
         <MakeCommands>
            <Build command="/usr/bin/make -f &quot;/home/meka/mekabot/m3meka/ros/shm_humanoid_controller/Makefile&quot; move_humanoid/fast" />
            <CompileFile command="/usr/bin/make -f &quot;/home/meka/mekabot/m3meka/ros/shm_humanoid_controller/Makefile&quot; &quot;$file&quot;" />
            <Clean command="/usr/bin/make -f &quot;/home/meka/mekabot/m3meka/ros/shm_humanoid_controller/Makefile&quot; clean" />
            <DistClean command="/usr/bin/make -f &quot;/home/meka/mekabot/m3meka/ros/shm_humanoid_controller/Makefile&quot; clean" />
         </MakeCommands>
      </Target>
      <Target title="rebuild_cache">
         <Option working_dir="/home/meka/mekabot/m3meka/ros/shm_humanoid_controller" />
         <Option type="4" />
         <MakeCommands>
            <Build command="/usr/bin/make -f &quot;/home/meka/mekabot/m3meka/ros/shm_humanoid_controller/Makefile&quot; rebuild_cache" />
            <CompileFile command="/usr/bin/make -f &quot;/home/meka/mekabot/m3meka/ros/shm_humanoid_controller/Makefile&quot; &quot;$file&quot;" />
            <Clean command="/usr/bin/make -f &quot;/home/meka/mekabot/m3meka/ros/shm_humanoid_controller/Makefile&quot; clean" />
            <DistClean command="/usr/bin/make -f &quot;/home/meka/mekabot/m3meka/ros/shm_humanoid_controller/Makefile&quot; clean" />
         </MakeCommands>
      </Target>
      <Target title="rosbuild_precompile">
         <Option working_dir="/home/meka/mekabot/m3meka/ros/shm_humanoid_controller" />
         <Option type="4" />
         <MakeCommands>
            <Build command="/usr/bin/make -f &quot;/home/meka/mekabot/m3meka/ros/shm_humanoid_controller/Makefile&quot; rosbuild_precompile" />
            <CompileFile command="/usr/bin/make -f &quot;/home/meka/mekabot/m3meka/ros/shm_humanoid_controller/Makefile&quot; &quot;$file&quot;" />
            <Clean command="/usr/bin/make -f &quot;/home/meka/mekabot/m3meka/ros/shm_humanoid_controller/Makefile&quot; clean" />
            <DistClean command="/usr/bin/make -f &quot;/home/meka/mekabot/m3meka/ros/shm_humanoid_controller/Makefile&quot; clean" />
         </MakeCommands>
      </Target>
      <Target title="rosbuild_premsgsrvgen">
         <Option working_dir="/home/meka/mekabot/m3meka/ros/shm_humanoid_controller" />
         <Option type="4" />
         <MakeCommands>
            <Build command="/usr/bin/make -f &quot;/home/meka/mekabot/m3meka/ros/shm_humanoid_controller/Makefile&quot; rosbuild_premsgsrvgen" />
            <CompileFile command="/usr/bin/make -f &quot;/home/meka/mekabot/m3meka/ros/shm_humanoid_controller/Makefile&quot; &quot;$file&quot;" />
            <Clean command="/usr/bin/make -f &quot;/home/meka/mekabot/m3meka/ros/shm_humanoid_controller/Makefile&quot; clean" />
            <DistClean command="/usr/bin/make -f &quot;/home/meka/mekabot/m3meka/ros/shm_humanoid_controller/Makefile&quot; clean" />
         </MakeCommands>
      </Target>
      <Target title="rospack_genmsg">
         <Option working_dir="/home/meka/mekabot/m3meka/ros/shm_humanoid_controller" />
         <Option type="4" />
         <MakeCommands>
            <Build command="/usr/bin/make -f &quot;/home/meka/mekabot/m3meka/ros/shm_humanoid_controller/Makefile&quot; rospack_genmsg" />
            <CompileFile command="/usr/bin/make -f &quot;/home/meka/mekabot/m3meka/ros/shm_humanoid_controller/Makefile&quot; &quot;$file&quot;" />
            <Clean command="/usr/bin/make -f &quot;/home/meka/mekabot/m3meka/ros/shm_humanoid_controller/Makefile&quot; clean" />
            <DistClean command="/usr/bin/make -f &quot;/home/meka/mekabot/m3meka/ros/shm_humanoid_controller/Makefile&quot; clean" />
         </MakeCommands>
      </Target>
      <Target title="rospack_genmsg_libexe">
         <Option working_dir="/home/meka/mekabot/m3meka/ros/shm_humanoid_controller" />
         <Option type="4" />
         <MakeCommands>
            <Build command="/usr/bin/make -f &quot;/home/meka/mekabot/m3meka/ros/shm_humanoid_controller/Makefile&quot; rospack_genmsg_libexe" />
            <CompileFile command="/usr/bin/make -f &quot;/home/meka/mekabot/m3meka/ros/shm_humanoid_controller/Makefile&quot; &quot;$file&quot;" />
            <Clean command="/usr/bin/make -f &quot;/home/meka/mekabot/m3meka/ros/shm_humanoid_controller/Makefile&quot; clean" />
            <DistClean command="/usr/bin/make -f &quot;/home/meka/mekabot/m3meka/ros/shm_humanoid_controller/Makefile&quot; clean" />
         </MakeCommands>
      </Target>
      <Target title="rospack_gensrv">
         <Option working_dir="/home/meka/mekabot/m3meka/ros/shm_humanoid_controller" />
         <Option type="4" />
         <MakeCommands>
            <Build command="/usr/bin/make -f &quot;/home/meka/mekabot/m3meka/ros/shm_humanoid_controller/Makefile&quot; rospack_gensrv" />
            <CompileFile command="/usr/bin/make -f &quot;/home/meka/mekabot/m3meka/ros/shm_humanoid_controller/Makefile&quot; &quot;$file&quot;" />
            <Clean command="/usr/bin/make -f &quot;/home/meka/mekabot/m3meka/ros/shm_humanoid_controller/Makefile&quot; clean" />
            <DistClean command="/usr/bin/make -f &quot;/home/meka/mekabot/m3meka/ros/shm_humanoid_controller/Makefile&quot; clean" />
         </MakeCommands>
      </Target>
      <Target title="test">
         <Option working_dir="/home/meka/mekabot/m3meka/ros/shm_humanoid_controller" />
         <Option type="4" />
         <MakeCommands>
            <Build command="/usr/bin/make -f &quot;/home/meka/mekabot/m3meka/ros/shm_humanoid_controller/Makefile&quot; test" />
            <CompileFile command="/usr/bin/make -f &quot;/home/meka/mekabot/m3meka/ros/shm_humanoid_controller/Makefile&quot; &quot;$file&quot;" />
            <Clean command="/usr/bin/make -f &quot;/home/meka/mekabot/m3meka/ros/shm_humanoid_controller/Makefile&quot; clean" />
            <DistClean command="/usr/bin/make -f &quot;/home/meka/mekabot/m3meka/ros/shm_humanoid_controller/Makefile&quot; clean" />
         </MakeCommands>
      </Target>
      <Target title="test-future">
         <Option working_dir="/home/meka/mekabot/m3meka/ros/shm_humanoid_controller" />
         <Option type="4" />
         <MakeCommands>
            <Build command="/usr/bin/make -f &quot;/home/meka/mekabot/m3meka/ros/shm_humanoid_controller/Makefile&quot; test-future" />
            <CompileFile command="/usr/bin/make -f &quot;/home/meka/mekabot/m3meka/ros/shm_humanoid_controller/Makefile&quot; &quot;$file&quot;" />
            <Clean command="/usr/bin/make -f &quot;/home/meka/mekabot/m3meka/ros/shm_humanoid_controller/Makefile&quot; clean" />
            <DistClean command="/usr/bin/make -f &quot;/home/meka/mekabot/m3meka/ros/shm_humanoid_controller/Makefile&quot; clean" />
         </MakeCommands>
      </Target>
      <Target title="test-results">
         <Option working_dir="/home/meka/mekabot/m3meka/ros/shm_humanoid_controller" />
         <Option type="4" />
         <MakeCommands>
            <Build command="/usr/bin/make -f &quot;/home/meka/mekabot/m3meka/ros/shm_humanoid_controller/Makefile&quot; test-results" />
            <CompileFile command="/usr/bin/make -f &quot;/home/meka/mekabot/m3meka/ros/shm_humanoid_controller/Makefile&quot; &quot;$file&quot;" />
            <Clean command="/usr/bin/make -f &quot;/home/meka/mekabot/m3meka/ros/shm_humanoid_controller/Makefile&quot; clean" />
            <DistClean command="/usr/bin/make -f &quot;/home/meka/mekabot/m3meka/ros/shm_humanoid_controller/Makefile&quot; clean" />
         </MakeCommands>
      </Target>
      <Target title="test-results-run">
         <Option working_dir="/home/meka/mekabot/m3meka/ros/shm_humanoid_controller" />
         <Option type="4" />
         <MakeCommands>
            <Build command="/usr/bin/make -f &quot;/home/meka/mekabot/m3meka/ros/shm_humanoid_controller/Makefile&quot; test-results-run" />
            <CompileFile command="/usr/bin/make -f &quot;/home/meka/mekabot/m3meka/ros/shm_humanoid_controller/Makefile&quot; &quot;$file&quot;" />
            <Clean command="/usr/bin/make -f &quot;/home/meka/mekabot/m3meka/ros/shm_humanoid_controller/Makefile&quot; clean" />
            <DistClean command="/usr/bin/make -f &quot;/home/meka/mekabot/m3meka/ros/shm_humanoid_controller/Makefile&quot; clean" />
         </MakeCommands>
      </Target>
      <Target title="tests">
         <Option working_dir="/home/meka/mekabot/m3meka/ros/shm_humanoid_controller" />
         <Option type="4" />
         <MakeCommands>
            <Build command="/usr/bin/make -f &quot;/home/meka/mekabot/m3meka/ros/shm_humanoid_controller/Makefile&quot; tests" />
            <CompileFile command="/usr/bin/make -f &quot;/home/meka/mekabot/m3meka/ros/shm_humanoid_controller/Makefile&quot; &quot;$file&quot;" />
            <Clean command="/usr/bin/make -f &quot;/home/meka/mekabot/m3meka/ros/shm_humanoid_controller/Makefile&quot; clean" />
            <DistClean command="/usr/bin/make -f &quot;/home/meka/mekabot/m3meka/ros/shm_humanoid_controller/Makefile&quot; clean" />
         </MakeCommands>
      </Target>
      </Build>
      <Unit filename="/home/meka/mekabot/m3meka/ros/shm_humanoid_controller/src/move_humanoid.cpp">
      </Unit>
      <Unit filename="/home/meka/mekabot/m3meka/ros/shm_humanoid_controller/CMakeLists.txt">
          <Option virtualFolder="CMake Files\" />
      </Unit>
   </Project>
</CodeBlocks_project_file>
